
Microsoft Visual Studio Solution File, Format Version 12.00
# Visual Studio 15
VisualStudioVersion = 15.0.27703.2026
MinimumVisualStudioVersion = 10.0.40219.1
Project("{FAE04EC0-301F-11D3-BF4B-00C04F79EFBC}") = "SCSpendingTransparency.Host", "SCSpendingTransparency.Host\SCSpendingTransparency.Host.csproj", "{7EBBEA27-0C0A-4FDC-9F97-1765D683A7CF}"
EndProject
Project("{FAE04EC0-301F-11D3-BF4B-00C04F79EFBC}") = "SCSpendingTransparency.Client", "SCSpendingTransparency.Client\SCSpendingTransparency.Client.csproj", "{6240AF34-A269-45DA-9B4F-D3B272DFB4F1}"
EndProject
Project("{FAE04EC0-301F-11D3-BF4B-00C04F79EFBC}") = "SCSpendingTransparency.Data", "SCSpendingTransparency.Data\SCSpendingTransparency.Data.csproj", "{9AB976AC-29D9-4DFD-B276-6EB9C29E81AE}"
EndProject
Project("{FAE04EC0-301F-11D3-BF4B-00C04F79EFBC}") = "SCSpendingTransparency.Domain", "SCSpendingTransparency.Domain\SCSpendingTransparency.Domain.csproj", "{669673CF-7613-46D1-B695-5EDDAEF3B13A}"
EndProject
Global
	GlobalSection(SolutionConfigurationPlatforms) = preSolution
		Debug|Any CPU = Debug|Any CPU
		Release|Any CPU = Release|Any CPU
	EndGlobalSection
	GlobalSection(ProjectConfigurationPlatforms) = postSolution
		{7EBBEA27-0C0A-4FDC-9F97-1765D683A7CF}.Debug|Any CPU.ActiveCfg = Debug|Any CPU
		{7EBBEA27-0C0A-4FDC-9F97-1765D683A7CF}.Debug|Any CPU.Build.0 = Debug|Any CPU
		{7EBBEA27-0C0A-4FDC-9F97-1765D683A7CF}.Release|Any CPU.ActiveCfg = Release|Any CPU
		{7EBBEA27-0C0A-4FDC-9F97-1765D683A7CF}.Release|Any CPU.Build.0 = Release|Any CPU
		{6240AF34-A269-45DA-9B4F-D3B272DFB4F1}.Debug|Any CPU.ActiveCfg = Debug|Any CPU
		{6240AF34-A269-45DA-9B4F-D3B272DFB4F1}.Debug|Any CPU.Build.0 = Debug|Any CPU
		{6240AF34-A269-45DA-9B4F-D3B272DFB4F1}.Release|Any CPU.ActiveCfg = Release|Any CPU
		{6240AF34-A269-45DA-9B4F-D3B272DFB4F1}.Release|Any CPU.Build.0 = Release|Any CPU
		{9AB976AC-29D9-4DFD-B276-6EB9C29E81AE}.Debug|Any CPU.ActiveCfg = Debug|Any CPU
		{9AB976AC-29D9-4DFD-B276-6EB9C29E81AE}.Debug|Any CPU.Build.0 = Debug|Any CPU
		{9AB976AC-29D9-4DFD-B276-6EB9C29E81AE}.Release|Any CPU.ActiveCfg = Release|Any CPU
		{9AB976AC-29D9-4DFD-B276-6EB9C29E81AE}.Release|Any CPU.Build.0 = Release|Any CPU
		{669673CF-7613-46D1-B695-5EDDAEF3B13A}.Debug|Any CPU.ActiveCfg = Debug|Any CPU
		{669673CF-7613-46D1-B695-5EDDAEF3B13A}.Debug|Any CPU.Build.0 = Debug|Any CPU
		{669673CF-7613-46D1-B695-5EDDAEF3B13A}.Release|Any CPU.ActiveCfg = Release|Any CPU
		{669673CF-7613-46D1-B695-5EDDAEF3B13A}.Release|Any CPU.Build.0 = Release|Any CPU
	EndGlobalSection
	GlobalSection(SolutionProperties) = preSolution
		HideSolutionNode = FALSE
	EndGlobalSection
	GlobalSection(ExtensibilityGlobals) = postSolution
		SolutionGuid = {5D6D6D7B-103A-41CE-8ECC-FF1D1ADE875E}
	EndGlobalSection
EndGlobal
